// !$*UTF8*$!
{
	archiveVersion = 1;
	classes = {
	};
	objectVersion = 55;
	objects = {

/* Begin PBXBuildFile section */
		E44EE05C2897C00E00602C9B /* iOS_StacksApp.swift in Sources */ = {isa = PBXBuildFile; fileRef = E44EE05B2897C00E00602C9B /* iOS_StacksApp.swift */; };
		E44EE05E2897C00E00602C9B /* ContentView.swift in Sources */ = {isa = PBXBuildFile; fileRef = E44EE05D2897C00E00602C9B /* ContentView.swift */; };
		E44EE0602897C01000602C9B /* Assets.xcassets in Resources */ = {isa = PBXBuildFile; fileRef = E44EE05F2897C01000602C9B /* Assets.xcassets */; };
		E44EE0632897C01000602C9B /* Preview Assets.xcassets in Resources */ = {isa = PBXBuildFile; fileRef = E44EE0622897C01000602C9B /* Preview Assets.xcassets */; };
		E44EE06D2897C01000602C9B /* iOS_StacksTests.swift in Sources */ = {isa = PBXBuildFile; fileRef = E44EE06C2897C01000602C9B /* iOS_StacksTests.swift */; };
		E44EE0772897C01000602C9B /* iOS_StacksUITests.swift in Sources */ = {isa = PBXBuildFile; fileRef = E44EE0762897C01000602C9B /* iOS_StacksUITests.swift */; };
		E44EE0792897C01000602C9B /* iOS_StacksUITestsLaunchTests.swift in Sources */ = {isa = PBXBuildFile; fileRef = E44EE0782897C01000602C9B /* iOS_StacksUITestsLaunchTests.swift */; };
/* End PBXBuildFile section */

/* Begin PBXContainerItemProxy section */
		E44EE0692897C01000602C9B /* PBXContainerItemProxy */ = {
			isa = PBXContainerItemProxy;
			containerPortal = E44EE0502897C00E00602C9B /* Project object */;
			proxyType = 1;
			remoteGlobalIDString = E44EE0572897C00E00602C9B;
			remoteInfo = iOS_Stacks;
		};
		E44EE0732897C01000602C9B /* PBXContainerItemProxy */ = {
			isa = PBXContainerItemProxy;
			containerPortal = E44EE0502897C00E00602C9B /* Project object */;
			proxyType = 1;
			remoteGlobalIDString = E44EE0572897C00E00602C9B;
			remoteInfo = iOS_Stacks;
		};
/* End PBXContainerItemProxy section */

/* Begin PBXFileReference section */
		E44EE0582897C00E00602C9B /* iOS_Stacks.app */ = {isa = PBXFileReference; explicitFileType = wrapper.application; includeInIndex = 0; path = iOS_Stacks.app; sourceTree = BUILT_PRODUCTS_DIR; };
		E44EE05B2897C00E00602C9B /* iOS_StacksApp.swift */ = {isa = PBXFileReference; lastKnownFileType = sourcecode.swift; path = iOS_StacksApp.swift; sourceTree = "<group>"; };
		E44EE05D2897C00E00602C9B /* ContentView.swift */ = {isa = PBXFileReference; lastKnownFileType = sourcecode.swift; path = ContentView.swift; sourceTree = "<group>"; };
		E44EE05F2897C01000602C9B /* Assets.xcassets */ = {isa = PBXFileReference; lastKnownFileType = folder.assetcatalog; path = Assets.xcassets; sourceTree = "<group>"; };
		E44EE0622897C01000602C9B /* Preview Assets.xcassets */ = {isa = PBXFileReference; lastKnownFileType = folder.assetcatalog; path = "Preview Assets.xcassets"; sourceTree = "<group>"; };
		E44EE0682897C01000602C9B /* iOS_StacksTests.xctest */ = {isa = PBXFileReference; explicitFileType = wrapper.cfbundle; includeInIndex = 0; path = iOS_StacksTests.xctest; sourceTree = BUILT_PRODUCTS_DIR; };
		E44EE06C2897C01000602C9B /* iOS_StacksTests.swift */ = {isa = PBXFileReference; lastKnownFileType = sourcecode.swift; path = iOS_StacksTests.swift; sourceTree = "<group>"; };
		E44EE0722897C01000602C9B /* iOS_StacksUITests.xctest */ = {isa = PBXFileReference; explicitFileType = wrapper.cfbundle; includeInIndex = 0; path = iOS_StacksUITests.xctest; sourceTree = BUILT_PRODUCTS_DIR; };
		E44EE0762897C01000602C9B /* iOS_StacksUITests.swift */ = {isa = PBXFileReference; lastKnownFileType = sourcecode.swift; path = iOS_StacksUITests.swift; sourceTree = "<group>"; };
		E44EE0782897C01000602C9B /* iOS_StacksUITestsLaunchTests.swift */ = {isa = PBXFileReference; lastKnownFileType = sourcecode.swift; path = iOS_StacksUITestsLaunchTests.swift; sourceTree = "<group>"; };
/* End PBXFileReference section */

/* Begin PBXFrameworksBuildPhase section */
		E44EE0552897C00E00602C9B /* Frameworks */ = {
			isa = PBXFrameworksBuildPhase;
			buildActionMask = 2147483647;
			files = (
			);
			runOnlyForDeploymentPostprocessing = 0;
		};
		E44EE0652897C01000602C9B /* Frameworks */ = {
			isa = PBXFrameworksBuildPhase;
			buildActionMask = 2147483647;
			files = (
			);
			runOnlyForDeploymentPostprocessing = 0;
		};
		E44EE06F2897C01000602C9B /* Frameworks */ = {
			isa = PBXFrameworksBuildPhase;
			buildActionMask = 2147483647;
			files = (
			);
			runOnlyForDeploymentPostprocessing = 0;
		};
/* End PBXFrameworksBuildPhase section */

/* Begin PBXGroup section */
		E44EE04F2897C00E00602C9B = {
			isa = PBXGroup;
			children = (
				E44EE05A2897C00E00602C9B /* iOS_Stacks */,
				E44EE06B2897C01000602C9B /* iOS_StacksTests */,
				E44EE0752897C01000602C9B /* iOS_StacksUITests */,
				E44EE0592897C00E00602C9B /* Products */,
			);
			sourceTree = "<group>";
		};
		E44EE0592897C00E00602C9B /* Products */ = {
			isa = PBXGroup;
			children = (
				E44EE0582897C00E00602C9B /* iOS_Stacks.app */,
				E44EE0682897C01000602C9B /* iOS_StacksTests.xctest */,
				E44EE0722897C01000602C9B /* iOS_StacksUITests.xctest */,
			);
			name = Products;
			sourceTree = "<group>";
		};
		E44EE05A2897C00E00602C9B /* iOS_Stacks */ = {
			isa = PBXGroup;
			children = (
				E44EE05B2897C00E00602C9B /* iOS_StacksApp.swift */,
				E44EE05D2897C00E00602C9B /* ContentView.swift */,
				E44EE05F2897C01000602C9B /* Assets.xcassets */,
				E44EE0612897C01000602C9B /* Preview Content */,
			);
			path = iOS_Stacks;
			sourceTree = "<group>";
		};
		E44EE0612897C01000602C9B /* Preview Content */ = {
			isa = PBXGroup;
			children = (
				E44EE0622897C01000602C9B /* Preview Assets.xcassets */,
			);
			path = "Preview Content";
			sourceTree = "<group>";
		};
		E44EE06B2897C01000602C9B /* iOS_StacksTests */ = {
			isa = PBXGroup;
			children = (
				E44EE06C2897C01000602C9B /* iOS_StacksTests.swift */,
			);
			path = iOS_StacksTests;
			sourceTree = "<group>";
		};
		E44EE0752897C01000602C9B /* iOS_StacksUITests */ = {
			isa = PBXGroup;
			children = (
				E44EE0762897C01000602C9B /* iOS_StacksUITests.swift */,
				E44EE0782897C01000602C9B /* iOS_StacksUITestsLaunchTests.swift */,
			);
			path = iOS_StacksUITests;
			sourceTree = "<group>";
		};
/* End PBXGroup section */

/* Begin PBXNativeTarget section */
		E44EE0572897C00E00602C9B /* iOS_Stacks */ = {
			isa = PBXNativeTarget;
			buildConfigurationList = E44EE07C2897C01000602C9B /* Build configuration list for PBXNativeTarget "iOS_Stacks" */;
			buildPhases = (
				E44EE0542897C00E00602C9B /* Sources */,
				E44EE0552897C00E00602C9B /* Frameworks */,
				E44EE0562897C00E00602C9B /* Resources */,
			);
			buildRules = (
			);
			dependencies = (
			);
			name = iOS_Stacks;
			productName = iOS_Stacks;
			productReference = E44EE0582897C00E00602C9B /* iOS_Stacks.app */;
			productType = "com.apple.product-type.application";
		};
		E44EE0672897C01000602C9B /* iOS_StacksTests */ = {
			isa = PBXNativeTarget;
			buildConfigurationList = E44EE07F2897C01000602C9B /* Build configuration list for PBXNativeTarget "iOS_StacksTests" */;
			buildPhases = (
				E44EE0642897C01000602C9B /* Sources */,
				E44EE0652897C01000602C9B /* Frameworks */,
				E44EE0662897C01000602C9B /* Resources */,
			);
			buildRules = (
			);
			dependencies = (
				E44EE06A2897C01000602C9B /* PBXTargetDependency */,
			);
			name = iOS_StacksTests;
			productName = iOS_StacksTests;
			productReference = E44EE0682897C01000602C9B /* iOS_StacksTests.xctest */;
			productType = "com.apple.product-type.bundle.unit-test";
		};
		E44EE0712897C01000602C9B /* iOS_StacksUITests */ = {
			isa = PBXNativeTarget;
			buildConfigurationList = E44EE0822897C01000602C9B /* Build configuration list for PBXNativeTarget "iOS_StacksUITests" */;
			buildPhases = (
				E44EE06E2897C01000602C9B /* Sources */,
				E44EE06F2897C01000602C9B /* Frameworks */,
				E44EE0702897C01000602C9B /* Resources */,
			);
			buildRules = (
			);
			dependencies = (
				E44EE0742897C01000602C9B /* PBXTargetDependency */,
			);
			name = iOS_StacksUITests;
			productName = iOS_StacksUITests;
			productReference = E44EE0722897C01000602C9B /* iOS_StacksUITests.xctest */;
			productType = "com.apple.product-type.bundle.ui-testing";
		};
/* End PBXNativeTarget section */

/* Begin PBXProject section */
		E44EE0502897C00E00602C9B /* Project object */ = {
			isa = PBXProject;
			attributes = {
				BuildIndependentTargetsInParallel = 1;
				LastSwiftUpdateCheck = 1340;
				LastUpgradeCheck = 1340;
				TargetAttributes = {
					E44EE0572897C00E00602C9B = {
						CreatedOnToolsVersion = 13.4.1;
					};
					E44EE0672897C01000602C9B = {
						CreatedOnToolsVersion = 13.4.1;
						TestTargetID = E44EE0572897C00E00602C9B;
					};
					E44EE0712897C01000602C9B = {
						CreatedOnToolsVersion = 13.4.1;
						TestTargetID = E44EE0572897C00E00602C9B;
					};
				};
			};
			buildConfigurationList = E44EE0532897C00E00602C9B /* Build configuration list for PBXProject "iOS_Stacks" */;
			compatibilityVersion = "Xcode 13.0";
			developmentRegion = en;
			hasScannedForEncodings = 0;
			knownRegions = (
				en,
				Base,
			);
			mainGroup = E44EE04F2897C00E00602C9B;
			productRefGroup = E44EE0592897C00E00602C9B /* Products */;
			projectDirPath = "";
			projectRoot = "";
			targets = (
				E44EE0572897C00E00602C9B /* iOS_Stacks */,
				E44EE0672897C01000602C9B /* iOS_StacksTests */,
				E44EE0712897C01000602C9B /* iOS_StacksUITests */,
			);
		};
/* End PBXProject section */

/* Begin PBXResourcesBuildPhase section */
		E44EE0562897C00E00602C9B /* Resources */ = {
			isa = PBXResourcesBuildPhase;
			buildActionMask = 2147483647;
			files = (
				E44EE0632897C01000602C9B /* Preview Assets.xcassets in Resources */,
				E44EE0602897C01000602C9B /* Assets.xcassets in Resources */,
			);
			runOnlyForDeploymentPostprocessing = 0;
		};
		E44EE0662897C01000602C9B /* Resources */ = {
			isa = PBXResourcesBuildPhase;
			buildActionMask = 2147483647;
			files = (
			);
			runOnlyForDeploymentPostprocessing = 0;
		};
		E44EE0702897C01000602C9B /* Resources */ = {
			isa = PBXResourcesBuildPhase;
			buildActionMask = 2147483647;
			files = (
			);
			runOnlyForDeploymentPostprocessing = 0;
		};
/* End PBXResourcesBuildPhase section */

/* Begin PBXSourcesBuildPhase section */
		E44EE0542897C00E00602C9B /* Sources */ = {
			isa = PBXSourcesBuildPhase;
			buildActionMask = 2147483647;
			files = (
				E44EE05E2897C00E00602C9B /* ContentView.swift in Sources */,
				E44EE05C2897C00E00602C9B /* iOS_StacksApp.swift in Sources */,
			);
			runOnlyForDeploymentPostprocessing = 0;
		};
		E44EE0642897C01000602C9B /* Sources */ = {
			isa = PBXSourcesBuildPhase;
			buildActionMask = 2147483647;
			files = (
				E44EE06D2897C01000602C9B /* iOS_StacksTests.swift in Sources */,
			);
			runOnlyForDeploymentPostprocessing = 0;
		};
		E44EE06E2897C01000602C9B /* Sources */ = {
			isa = PBXSourcesBuildPhase;
			buildActionMask = 2147483647;
			files = (
				E44EE0772897C01000602C9B /* iOS_StacksUITests.swift in Sources */,
				E44EE0792897C01000602C9B /* iOS_StacksUITestsLaunchTests.swift in Sources */,
			);
			runOnlyForDeploymentPostprocessing = 0;
		};
/* End PBXSourcesBuildPhase section */

/* Begin PBXTargetDependency section */
		E44EE06A2897C01000602C9B /* PBXTargetDependency */ = {
			isa = PBXTargetDependency;
			target = E44EE0572897C00E00602C9B /* iOS_Stacks */;
			targetProxy = E44EE0692897C01000602C9B /* PBXContainerItemProxy */;
		};
		E44EE0742897C01000602C9B /* PBXTargetDependency */ = {
			isa = PBXTargetDependency;
			target = E44EE0572897C00E00602C9B /* iOS_Stacks */;
			targetProxy = E44EE0732897C01000602C9B /* PBXContainerItemProxy */;
		};
/* End PBXTargetDependency section */

/* Begin XCBuildConfiguration section */
		E44EE07A2897C01000602C9B /* Debug */ = {
			isa = XCBuildConfiguration;
			buildSettings = {
				ALWAYS_SEARCH_USER_PATHS = NO;
				CLANG_ANALYZER_NONNULL = YES;
				CLANG_ANALYZER_NUMBER_OBJECT_CONVERSION = YES_AGGRESSIVE;
				CLANG_CXX_LANGUAGE_STANDARD = "gnu++17";
				CLANG_ENABLE_MODULES = YES;
				CLANG_ENABLE_OBJC_ARC = YES;
				CLANG_ENABLE_OBJC_WEAK = YES;
				CLANG_WARN_BLOCK_CAPTURE_AUTORELEASING = YES;
				CLANG_WARN_BOOL_CONVERSION = YES;
				CLANG_WARN_COMMA = YES;
				CLANG_WARN_CONSTANT_CONVERSION = YES;
				CLANG_WARN_DEPRECATED_OBJC_IMPLEMENTATIONS = YES;
				CLANG_WARN_DIRECT_OBJC_ISA_USAGE = YES_ERROR;
				CLANG_WARN_DOCUMENTATION_COMMENTS = YES;
				CLANG_WARN_EMPTY_BODY = YES;
				CLANG_WARN_ENUM_CONVERSION = YES;
				CLANG_WARN_INFINITE_RECURSION = YES;
				CLANG_WARN_INT_CONVERSION = YES;
				CLANG_WARN_NON_LITERAL_NULL_CONVERSION = YES;
				CLANG_WARN_OBJC_IMPLICIT_RETAIN_SELF = YES;
				CLANG_WARN_OBJC_LITERAL_CONVERSION = YES;
				CLANG_WARN_OBJC_ROOT_CLASS = YES_ERROR;
				CLANG_WARN_QUOTED_INCLUDE_IN_FRAMEWORK_HEADER = YES;
				CLANG_WARN_RANGE_LOOP_ANALYSIS = YES;
				CLANG_WARN_STRICT_PROTOTYPES = YES;
				CLANG_WARN_SUSPICIOUS_MOVE = YES;
				CLANG_WARN_UNGUARDED_AVAILABILITY = YES_AGGRESSIVE;
				CLANG_WARN_UNREACHABLE_CODE = YES;
				CLANG_WARN__DUPLICATE_METHOD_MATCH = YES;
				COPY_PHASE_STRIP = NO;
				DEBUG_INFORMATION_FORMAT = dwarf;
				ENABLE_STRICT_OBJC_MSGSEND = YES;
				ENABLE_TESTABILITY = YES;
				GCC_C_LANGUAGE_STANDARD = gnu11;
				GCC_DYNAMIC_NO_PIC = NO;
				GCC_NO_COMMON_BLOCKS = YES;
				GCC_OPTIMIZATION_LEVEL = 0;
				GCC_PREPROCESSOR_DEFINITIONS = (
					"DEBUG=1",
					"$(inherited)",
				);
				GCC_WARN_64_TO_32_BIT_CONVERSION = YES;
				GCC_WARN_ABOUT_RETURN_TYPE = YES_ERROR;
				GCC_WARN_UNDECLARED_SELECTOR = YES;
				GCC_WARN_UNINITIALIZED_AUTOS = YES_AGGRESSIVE;
				GCC_WARN_UNUSED_FUNCTION = YES;
				GCC_WARN_UNUSED_VARIABLE = YES;
				IPHONEOS_DEPLOYMENT_TARGET = 15.5;
				MTL_ENABLE_DEBUG_INFO = INCLUDE_SOURCE;
				MTL_FAST_MATH = YES;
				ONLY_ACTIVE_ARCH = YES;
				SDKROOT = iphoneos;
				SWIFT_ACTIVE_COMPILATION_CONDITIONS = DEBUG;
				SWIFT_OPTIMIZATION_LEVEL = "-Onone";
			};
			name = Debug;
		};
		E44EE07B2897C01000602C9B /* Release */ = {
			isa = XCBuildConfiguration;
			buildSettings = {
				ALWAYS_SEARCH_USER_PATHS = NO;
				CLANG_ANALYZER_NONNULL = YES;
				CLANG_ANALYZER_NUMBER_OBJECT_CONVERSION = YES_AGGRESSIVE;
				CLANG_CXX_LANGUAGE_STANDARD = "gnu++17";
				CLANG_ENABLE_MODULES = YES;
				CLANG_ENABLE_OBJC_ARC = YES;
				CLANG_ENABLE_OBJC_WEAK = YES;
				CLANG_WARN_BLOCK_CAPTURE_AUTORELEASING = YES;
				CLANG_WARN_BOOL_CONVERSION = YES;
				CLANG_WARN_COMMA = YES;
				CLANG_WARN_CONSTANT_CONVERSION = YES;
				CLANG_WARN_DEPRECATED_OBJC_IMPLEMENTATIONS = YES;
				CLANG_WARN_DIRECT_OBJC_ISA_USAGE = YES_ERROR;
				CLANG_WARN_DOCUMENTATION_COMMENTS = YES;
				CLANG_WARN_EMPTY_BODY = YES;
				CLANG_WARN_ENUM_CONVERSION = YES;
				CLANG_WARN_INFINITE_RECURSION = YES;
				CLANG_WARN_INT_CONVERSION = YES;
				CLANG_WARN_NON_LITERAL_NULL_CONVERSION = YES;
				CLANG_WARN_OBJC_IMPLICIT_RETAIN_SELF = YES;
				CLANG_WARN_OBJC_LITERAL_CONVERSION = YES;
				CLANG_WARN_OBJC_ROOT_CLASS = YES_ERROR;
				CLANG_WARN_QUOTED_INCLUDE_IN_FRAMEWORK_HEADER = YES;
				CLANG_WARN_RANGE_LOOP_ANALYSIS = YES;
				CLANG_WARN_STRICT_PROTOTYPES = YES;
				CLANG_WARN_SUSPICIOUS_MOVE = YES;
				CLANG_WARN_UNGUARDED_AVAILABILITY = YES_AGGRESSIVE;
				CLANG_WARN_UNREACHABLE_CODE = YES;
				CLANG_WARN__DUPLICATE_METHOD_MATCH = YES;
				COPY_PHASE_STRIP = NO;
				DEBUG_INFORMATION_FORMAT = "dwarf-with-dsym";
				ENABLE_NS_ASSERTIONS = NO;
				ENABLE_STRICT_OBJC_MSGSEND = YES;
				GCC_C_LANGUAGE_STANDARD = gnu11;
				GCC_NO_COMMON_BLOCKS = YES;
				GCC_WARN_64_TO_32_BIT_CONVERSION = YES;
				GCC_WARN_ABOUT_RETURN_TYPE = YES_ERROR;
				GCC_WARN_UNDECLARED_SELECTOR = YES;
				GCC_WARN_UNINITIALIZED_AUTOS = YES_AGGRESSIVE;
				GCC_WARN_UNUSED_FUNCTION = YES;
				GCC_WARN_UNUSED_VARIABLE = YES;
				IPHONEOS_DEPLOYMENT_TARGET = 15.5;
				MTL_ENABLE_DEBUG_INFO = NO;
				MTL_FAST_MATH = YES;
				SDKROOT = iphoneos;
				SWIFT_COMPILATION_MODE = wholemodule;
				SWIFT_OPTIMIZATION_LEVEL = "-O";
				VALIDATE_PRODUCT = YES;
			};
			name = Release;
		};
		E44EE07D2897C01000602C9B /* Debug */ = {
			isa = XCBuildConfiguration;
			buildSettings = {
				ASSETCATALOG_COMPILER_APPICON_NAME = AppIcon;
				ASSETCATALOG_COMPILER_GLOBAL_ACCENT_COLOR_NAME = AccentColor;
				CODE_SIGN_STYLE = Automatic;
				CURRENT_PROJECT_VERSION = 1;
				DEVELOPMENT_ASSET_PATHS = "\"iOS_Stacks/Preview Content\"";
				DEVELOPMENT_TEAM = 5X9C73TLF2;
				ENABLE_PREVIEWS = YES;
				GENERATE_INFOPLIST_FILE = YES;
				INFOPLIST_KEY_UIApplicationSceneManifest_Generation = YES;
				INFOPLIST_KEY_UIApplicationSupportsIndirectInputEvents = YES;
				INFOPLIST_KEY_UILaunchScreen_Generation = YES;
				INFOPLIST_KEY_UISupportedInterfaceOrientations_iPad = "UIInterfaceOrientationPortrait UIInterfaceOrientationPortraitUpsideDown UIInterfaceOrientationLandscapeLeft UIInterfaceOrientationLandscapeRight";
				INFOPLIST_KEY_UISupportedInterfaceOrientations_iPhone = "UIInterfaceOrientationPortrait UIInterfaceOrientationLandscapeLeft UIInterfaceOrientationLandscapeRight";
				LD_RUNPATH_SEARCH_PATHS = (
					"$(inherited)",
					"@executable_path/Frameworks",
				);
				MARKETING_VERSION = 1.0;
				PRODUCT_BUNDLE_IDENTIFIER = "iclementemdev.iOS-Stacks";
				PRODUCT_NAME = "$(TARGET_NAME)";
				SWIFT_EMIT_LOC_STRINGS = YES;
				SWIFT_VERSION = 5.0;
				TARGETED_DEVICE_FAMILY = "1,2";
			};
			name = Debug;
		};
		E44EE07E2897C01000602C9B /* Release */ = {
			isa = XCBuildConfiguration;
			buildSettings = {
				ASSETCATALOG_COMPILER_APPICON_NAME = AppIcon;
				ASSETCATALOG_COMPILER_GLOBAL_ACCENT_COLOR_NAME = AccentColor;
				CODE_SIGN_STYLE = Automatic;
				CURRENT_PROJECT_VERSION = 1;
				DEVELOPMENT_ASSET_PATHS = "\"iOS_Stacks/Preview Content\"";
				DEVELOPMENT_TEAM = 5X9C73TLF2;
				ENABLE_PREVIEWS = YES;
				GENERATE_INFOPLIST_FILE = YES;
				INFOPLIST_KEY_UIApplicationSceneManifest_Generation = YES;
				INFOPLIST_KEY_UIApplicationSupportsIndirectInputEvents = YES;
				INFOPLIST_KEY_UILaunchScreen_Generation = YES;
				INFOPLIST_KEY_UISupportedInterfaceOrientations_iPad = "UIInterfaceOrientationPortrait UIInterfaceOrientationPortraitUpsideDown UIInterfaceOrientationLandscapeLeft UIInterfaceOrientationLandscapeRight";
				INFOPLIST_KEY_UISupportedInterfaceOrientations_iPhone = "UIInterfaceOrientationPortrait UIInterfaceOrientationLandscapeLeft UIInterfaceOrientationLandscapeRight";
				LD_RUNPATH_SEARCH_PATHS = (
					"$(inherited)",
					"@executable_path/Frameworks",
				);
				MARKETING_VERSION = 1.0;
				PRODUCT_BUNDLE_IDENTIFIER = "iclementemdev.iOS-Stacks";
				PRODUCT_NAME = "$(TARGET_NAME)";
				SWIFT_EMIT_LOC_STRINGS = YES;
				SWIFT_VERSION = 5.0;
				TARGETED_DEVICE_FAMILY = "1,2";
			};
			name = Release;
		};
		E44EE0802897C01000602C9B /* Debug */ = {
			isa = XCBuildConfiguration;
			buildSettings = {
				ALWAYS_EMBED_SWIFT_STANDARD_LIBRARIES = YES;
				BUNDLE_LOADER = "$(TEST_HOST)";
				CODE_SIGN_STYLE = Automatic;
				CURRENT_PROJECT_VERSION = 1;
				DEVELOPMENT_TEAM = 5X9C73TLF2;
				GENERATE_INFOPLIST_FILE = YES;
				IPHONEOS_DEPLOYMENT_TARGET = 15.5;
				MARKETING_VERSION = 1.0;
				PRODUCT_BUNDLE_IDENTIFIER = "iclementemdev.iOS-StacksTests";
				PRODUCT_NAME = "$(TARGET_NAME)";
				SWIFT_EMIT_LOC_STRINGS = NO;
				SWIFT_VERSION = 5.0;
				TARGETED_DEVICE_FAMILY = "1,2";
				TEST_HOST = "$(BUILT_PRODUCTS_DIR)/iOS_Stacks.app/iOS_Stacks";
			};
			name = Debug;
		};
		E44EE0812897C01000602C9B /* Release */ = {
			isa = XCBuildConfiguration;
			buildSettings = {
				ALWAYS_EMBED_SWIFT_STANDARD_LIBRARIES = YES;
				BUNDLE_LOADER = "$(TEST_HOST)";
				CODE_SIGN_STYLE = Automatic;
				CURRENT_PROJECT_VERSION = 1;
				DEVELOPMENT_TEAM = 5X9C73TLF2;
				GENERATE_INFOPLIST_FILE = YES;
				IPHONEOS_DEPLOYMENT_TARGET = 15.5;
				MARKETING_VERSION = 1.0;
				PRODUCT_BUNDLE_IDENTIFIER = "iclementemdev.iOS-StacksTests";
				PRODUCT_NAME = "$(TARGET_NAME)";
				SWIFT_EMIT_LOC_STRINGS = NO;
				SWIFT_VERSION = 5.0;
				TARGETED_DEVICE_FAMILY = "1,2";
				TEST_HOST = "$(BUILT_PRODUCTS_DIR)/iOS_Stacks.app/iOS_Stacks";
			};
			name = Release;
		};
		E44EE0832897C01000602C9B /* Debug */ = {
			isa = XCBuildConfiguration;
			buildSettings = {
				ALWAYS_EMBED_SWIFT_STANDARD_LIBRARIES = YES;
				CODE_SIGN_STYLE = Automatic;
				CURRENT_PROJECT_VERSION = 1;
				DEVELOPMENT_TEAM = 5X9C73TLF2;
				GENERATE_INFOPLIST_FILE = YES;
				MARKETING_VERSION = 1.0;
				PRODUCT_BUNDLE_IDENTIFIER = "iclementemdev.iOS-StacksUITests";
				PRODUCT_NAME = "$(TARGET_NAME)";
				SWIFT_EMIT_LOC_STRINGS = NO;
				SWIFT_VERSION = 5.0;
				TARGETED_DEVICE_FAMILY = "1,2";
				TEST_TARGET_NAME = iOS_Stacks;
			};
			name = Debug;
		};
		E44EE0842897C01000602C9B /* Release */ = {
			isa = XCBuildConfiguration;
			buildSettings = {
				ALWAYS_EMBED_SWIFT_STANDARD_LIBRARIES = YES;
				CODE_SIGN_STYLE = Automatic;
				CURRENT_PROJECT_VERSION = 1;
				DEVELOPMENT_TEAM = 5X9C73TLF2;
				GENERATE_INFOPLIST_FILE = YES;
				MARKETING_VERSION = 1.0;
				PRODUCT_BUNDLE_IDENTIFIER = "iclementemdev.iOS-StacksUITests";
				PRODUCT_NAME = "$(TARGET_NAME)";
				SWIFT_EMIT_LOC_STRINGS = NO;
				SWIFT_VERSION = 5.0;
				TARGETED_DEVICE_FAMILY = "1,2";
				TEST_TARGET_NAME = iOS_Stacks;
			};
			name = Release;
		};
/* End XCBuildConfiguration section */

/* Begin XCConfigurationList section */
		E44EE0532897C00E00602C9B /* Build configuration list for PBXProject "iOS_Stacks" */ = {
			isa = XCConfigurationList;
			buildConfigurations = (
				E44EE07A2897C01000602C9B /* Debug */,
				E44EE07B2897C01000602C9B /* Release */,
			);
			defaultConfigurationIsVisible = 0;
			defaultConfigurationName = Release;
		};
		E44EE07C2897C01000602C9B /* Build configuration list for PBXNativeTarget "iOS_Stacks" */ = {
			isa = XCConfigurationList;
			buildConfigurations = (
				E44EE07D2897C01000602C9B /* Debug */,
				E44EE07E2897C01000602C9B /* Release */,
			);
			defaultConfigurationIsVisible = 0;
			defaultConfigurationName = Release;
		};
		E44EE07F2897C01000602C9B /* Build configuration list for PBXNativeTarget "iOS_StacksTests" */ = {
			isa = XCConfigurationList;
			buildConfigurations = (
				E44EE0802897C01000602C9B /* Debug */,
				E44EE0812897C01000602C9B /* Release */,
			);
			defaultConfigurationIsVisible = 0;
			defaultConfigurationName = Release;
		};
		E44EE0822897C01000602C9B /* Build configuration list for PBXNativeTarget "iOS_StacksUITests" */ = {
			isa = XCConfigurationList;
			buildConfigurations = (
				E44EE0832897C01000602C9B /* Debug */,
				E44EE0842897C01000602C9B /* Release */,
			);
			defaultConfigurationIsVisible = 0;
			defaultConfigurationName = Release;
		};
/* End XCConfigurationList section */
	};
	rootObject = E44EE0502897C00E00602C9B /* Project object */;
}
